
Microsoft Visual Studio Solution File, Format Version 12.00
# Visual Studio Version 16
VisualStudioVersion = 16.0.29215.179
MinimumVisualStudioVersion = 10.0.40219.1
Project("{FAE04EC0-301F-11D3-BF4B-00C04F79EFBC}") = "Fall2019 PA4 Starter", "Fall2019 PA4 Starter\Fall2019 PA4 Starter.csproj", "{D49F7BAB-AD5C-4A7B-B29F-D589172D182F}"
EndProject
Global
	GlobalSection(SolutionConfigurationPlatforms) = preSolution
		Debug|Any CPU = Debug|Any CPU
		Release|Any CPU = Release|Any CPU
	EndGlobalSection
	GlobalSection(ProjectConfigurationPlatforms) = postSolution
		{D49F7BAB-AD5C-4A7B-B29F-D589172D182F}.Debug|Any CPU.ActiveCfg = Debug|Any CPU
		{D49F7BAB-AD5C-4A7B-B29F-D589172D182F}.Debug|Any CPU.Build.0 = Debug|Any CPU
		{D49F7BAB-AD5C-4A7B-B29F-D589172D182F}.Release|Any CPU.ActiveCfg = Release|Any CPU
		{D49F7BAB-AD5C-4A7B-B29F-D589172D182F}.Release|Any CPU.Build.0 = Release|Any CPU
	EndGlobalSection
	GlobalSection(SolutionProperties) = preSolution
		HideSolutionNode = FALSE
	EndGlobalSection
	GlobalSection(ExtensibilityGlobals) = postSolution
		SolutionGuid = {CDD9A455-1D15-408F-8747-D77F42FD608B}
	EndGlobalSection
EndGlobal
